
Microsoft Visual Studio Solution File, Format Version 12.00
# Visual Studio Version 17
VisualStudioVersion = 17.5.002.0
MinimumVisualStudioVersion = 10.0.40219.1
Project("{9A19103F-16F7-4668-BE54-9A1E7A4F7556}") = "Exo.WebApi", "Exo.WebApi.csproj", "{5649E08A-F260-4CDD-9C76-E6847B19581F}"
EndProject
Global
	GlobalSection(SolutionConfigurationPlatforms) = preSolution
		Debug|Any CPU = Debug|Any CPU
		Release|Any CPU = Release|Any CPU
	EndGlobalSection
	GlobalSection(ProjectConfigurationPlatforms) = postSolution
		{5649E08A-F260-4CDD-9C76-E6847B19581F}.Debug|Any CPU.ActiveCfg = Debug|Any CPU
		{5649E08A-F260-4CDD-9C76-E6847B19581F}.Debug|Any CPU.Build.0 = Debug|Any CPU
		{5649E08A-F260-4CDD-9C76-E6847B19581F}.Release|Any CPU.ActiveCfg = Release|Any CPU
		{5649E08A-F260-4CDD-9C76-E6847B19581F}.Release|Any CPU.Build.0 = Release|Any CPU
	EndGlobalSection
	GlobalSection(SolutionProperties) = preSolution
		HideSolutionNode = FALSE
	EndGlobalSection
	GlobalSection(ExtensibilityGlobals) = postSolution
		SolutionGuid = {10587C0E-7551-4C54-886E-0195FC02F838}
	EndGlobalSection
EndGlobal
